// !$*UTF8*$!
{
	archiveVersion = 1;
	classes = {
	};
	objectVersion = 46;
	objects = {

/* Begin PBXBuildFile section */
		F50592761B5F651A0076BB03 /* main.cpp in Sources */ = {isa = PBXBuildFile; fileRef = F50592751B5F651A0076BB03 /* main.cpp */; };
		F505927F1B6008DF0076BB03 /* hardware-interface.cpp in Sources */ = {isa = PBXBuildFile; fileRef = F505927E1B6008DF0076BB03 /* hardware-interface.cpp */; };
		F58414911B60C692009BB421 /* profile-interface.cpp in Sources */ = {isa = PBXBuildFile; fileRef = F584148F1B60C692009BB421 /* profile-interface.cpp */; };
/* End PBXBuildFile section */

/* Begin PBXCopyFilesBuildPhase section */
		F50592701B5F651A0076BB03 /* CopyFiles */ = {
			isa = PBXCopyFilesBuildPhase;
			buildActionMask = 2147483647;
			dstPath = /usr/share/man/man1/;
			dstSubfolderSpec = 0;
			files = (
			);
			runOnlyForDeploymentPostprocessing = 1;
		};
/* End PBXCopyFilesBuildPhase section */

/* Begin PBXFileReference section */
		F50592721B5F651A0076BB03 /* havoc */ = {isa = PBXFileReference; explicitFileType = "compiled.mach-o.executable"; includeInIndex = 0; path = havoc; sourceTree = BUILT_PRODUCTS_DIR; };
		F50592751B5F651A0076BB03 /* main.cpp */ = {isa = PBXFileReference; lastKnownFileType = sourcecode.cpp.cpp; path = main.cpp; sourceTree = "<group>"; };
		F505927C1B5F8F950076BB03 /* havoc.h */ = {isa = PBXFileReference; lastKnownFileType = sourcecode.c.h; path = havoc.h; sourceTree = "<group>"; };
		F505927D1B6008CF0076BB03 /* hardware-interface.h */ = {isa = PBXFileReference; lastKnownFileType = sourcecode.c.h; path = "hardware-interface.h"; sourceTree = "<group>"; };
		F505927E1B6008DF0076BB03 /* hardware-interface.cpp */ = {isa = PBXFileReference; fileEncoding = 4; lastKnownFileType = sourcecode.cpp.cpp; path = "hardware-interface.cpp"; sourceTree = "<group>"; };
		F584148F1B60C692009BB421 /* profile-interface.cpp */ = {isa = PBXFileReference; fileEncoding = 4; lastKnownFileType = sourcecode.cpp.cpp; path = "profile-interface.cpp"; sourceTree = "<group>"; };
		F58414901B60C692009BB421 /* profile-interface.h */ = {isa = PBXFileReference; fileEncoding = 4; lastKnownFileType = sourcecode.c.h; path = "profile-interface.h"; sourceTree = "<group>"; };
/* End PBXFileReference section */

/* Begin PBXFrameworksBuildPhase section */
		F505926F1B5F651A0076BB03 /* Frameworks */ = {
			isa = PBXFrameworksBuildPhase;
			buildActionMask = 2147483647;
			files = (
			);
			runOnlyForDeploymentPostprocessing = 0;
		};
/* End PBXFrameworksBuildPhase section */

/* Begin PBXGroup section */
		F50592691B5F651A0076BB03 = {
			isa = PBXGroup;
			children = (
				F50592741B5F651A0076BB03 /* havoc */,
				F50592731B5F651A0076BB03 /* Products */,
			);
			sourceTree = "<group>";
		};
		F50592731B5F651A0076BB03 /* Products */ = {
			isa = PBXGroup;
			children = (
				F50592721B5F651A0076BB03 /* havoc */,
			);
			name = Products;
			sourceTree = "<group>";
		};
		F50592741B5F651A0076BB03 /* havoc */ = {
			isa = PBXGroup;
			children = (
				F50592751B5F651A0076BB03 /* main.cpp */,
				F505927C1B5F8F950076BB03 /* havoc.h */,
				F505927D1B6008CF0076BB03 /* hardware-interface.h */,
				F505927E1B6008DF0076BB03 /* hardware-interface.cpp */,
				F584148F1B60C692009BB421 /* profile-interface.cpp */,
				F58414901B60C692009BB421 /* profile-interface.h */,
			);
			path = havoc;
			sourceTree = "<group>";
		};
/* End PBXGroup section */

/* Begin PBXNativeTarget section */
		F50592711B5F651A0076BB03 /* havoc */ = {
			isa = PBXNativeTarget;
			buildConfigurationList = F50592791B5F651A0076BB03 /* Build configuration list for PBXNativeTarget "havoc" */;
			buildPhases = (
				F505926E1B5F651A0076BB03 /* Sources */,
				F505926F1B5F651A0076BB03 /* Frameworks */,
				F50592701B5F651A0076BB03 /* CopyFiles */,
			);
			buildRules = (
			);
			dependencies = (
			);
			name = havoc;
			productName = havoc;
			productReference = F50592721B5F651A0076BB03 /* havoc */;
			productType = "com.apple.product-type.tool";
		};
/* End PBXNativeTarget section */

/* Begin PBXProject section */
		F505926A1B5F651A0076BB03 /* Project object */ = {
			isa = PBXProject;
			attributes = {
				LastUpgradeCheck = 0700;
				ORGANIZATIONNAME = archshift;
				TargetAttributes = {
					F50592711B5F651A0076BB03 = {
						CreatedOnToolsVersion = 7.0;
					};
				};
			};
			buildConfigurationList = F505926D1B5F651A0076BB03 /* Build configuration list for PBXProject "havoc" */;
			compatibilityVersion = "Xcode 3.2";
			developmentRegion = English;
			hasScannedForEncodings = 0;
			knownRegions = (
				en,
			);
			mainGroup = F50592691B5F651A0076BB03;
			productRefGroup = F50592731B5F651A0076BB03 /* Products */;
			projectDirPath = "";
			projectRoot = "";
			targets = (
				F50592711B5F651A0076BB03 /* havoc */,
			);
		};
/* End PBXProject section */

/* Begin PBXSourcesBuildPhase section */
		F505926E1B5F651A0076BB03 /* Sources */ = {
			isa = PBXSourcesBuildPhase;
			buildActionMask = 2147483647;
			files = (
				F50592761B5F651A0076BB03 /* main.cpp in Sources */,
				F505927F1B6008DF0076BB03 /* hardware-interface.cpp in Sources */,
				F58414911B60C692009BB421 /* profile-interface.cpp in Sources */,
			);
			runOnlyForDeploymentPostprocessing = 0;
		};
/* End PBXSourcesBuildPhase section */

/* Begin XCBuildConfiguration section */
		F50592771B5F651A0076BB03 /* Debug */ = {
			isa = XCBuildConfiguration;
			buildSettings = {
				ALWAYS_SEARCH_USER_PATHS = NO;
				CLANG_CXX_LANGUAGE_STANDARD = "gnu++0x";
				CLANG_CXX_LIBRARY = "libc++";
				CLANG_ENABLE_MODULES = YES;
				CLANG_ENABLE_OBJC_ARC = YES;
				CLANG_WARN_BOOL_CONVERSION = YES;
				CLANG_WARN_CONSTANT_CONVERSION = YES;
				CLANG_WARN_DIRECT_OBJC_ISA_USAGE = YES_ERROR;
				CLANG_WARN_EMPTY_BODY = YES;
				CLANG_WARN_ENUM_CONVERSION = YES;
				CLANG_WARN_INT_CONVERSION = YES;
				CLANG_WARN_OBJC_ROOT_CLASS = YES_ERROR;
				CLANG_WARN_UNREACHABLE_CODE = YES;
				CLANG_WARN__DUPLICATE_METHOD_MATCH = YES;
				COPY_PHASE_STRIP = NO;
				DEBUG_INFORMATION_FORMAT = dwarf;
				ENABLE_STRICT_OBJC_MSGSEND = YES;
				ENABLE_TESTABILITY = YES;
				GCC_C_LANGUAGE_STANDARD = gnu99;
				GCC_DYNAMIC_NO_PIC = NO;
				GCC_NO_COMMON_BLOCKS = YES;
				GCC_OPTIMIZATION_LEVEL = 0;
				GCC_PREPROCESSOR_DEFINITIONS = (
					"DEBUG=1",
					"$(inherited)",
				);
				GCC_WARN_64_TO_32_BIT_CONVERSION = YES;
				GCC_WARN_ABOUT_RETURN_TYPE = YES_ERROR;
				GCC_WARN_UNDECLARED_SELECTOR = YES;
				GCC_WARN_UNINITIALIZED_AUTOS = YES_AGGRESSIVE;
				GCC_WARN_UNUSED_FUNCTION = YES;
				GCC_WARN_UNUSED_VARIABLE = YES;
				MACOSX_DEPLOYMENT_TARGET = 10.10;
				MTL_ENABLE_DEBUG_INFO = YES;
				ONLY_ACTIVE_ARCH = YES;
				SDKROOT = macosx;
			};
			name = Debug;
		};
		F50592781B5F651A0076BB03 /* Release */ = {
			isa = XCBuildConfiguration;
			buildSettings = {
				ALWAYS_SEARCH_USER_PATHS = NO;
				CLANG_CXX_LANGUAGE_STANDARD = "gnu++0x";
				CLANG_CXX_LIBRARY = "libc++";
				CLANG_ENABLE_MODULES = YES;
				CLANG_ENABLE_OBJC_ARC = YES;
				CLANG_WARN_BOOL_CONVERSION = YES;
				CLANG_WARN_CONSTANT_CONVERSION = YES;
				CLANG_WARN_DIRECT_OBJC_ISA_USAGE = YES_ERROR;
				CLANG_WARN_EMPTY_BODY = YES;
				CLANG_WARN_ENUM_CONVERSION = YES;
				CLANG_WARN_INT_CONVERSION = YES;
				CLANG_WARN_OBJC_ROOT_CLASS = YES_ERROR;
				CLANG_WARN_UNREACHABLE_CODE = YES;
				CLANG_WARN__DUPLICATE_METHOD_MATCH = YES;
				COPY_PHASE_STRIP = NO;
				DEBUG_INFORMATION_FORMAT = "dwarf-with-dsym";
				ENABLE_NS_ASSERTIONS = NO;
				ENABLE_STRICT_OBJC_MSGSEND = YES;
				GCC_C_LANGUAGE_STANDARD = gnu99;
				GCC_NO_COMMON_BLOCKS = YES;
				GCC_WARN_64_TO_32_BIT_CONVERSION = YES;
				GCC_WARN_ABOUT_RETURN_TYPE = YES_ERROR;
				GCC_WARN_UNDECLARED_SELECTOR = YES;
				GCC_WARN_UNINITIALIZED_AUTOS = YES_AGGRESSIVE;
				GCC_WARN_UNUSED_FUNCTION = YES;
				GCC_WARN_UNUSED_VARIABLE = YES;
				MACOSX_DEPLOYMENT_TARGET = 10.10;
				MTL_ENABLE_DEBUG_INFO = NO;
				SDKROOT = macosx;
			};
			name = Release;
		};
		F505927A1B5F651A0076BB03 /* Debug */ = {
			isa = XCBuildConfiguration;
			buildSettings = {
				HEADER_SEARCH_PATHS = /usr/local/include;
				LIBRARY_SEARCH_PATHS = /usr/local/lib;
				OTHER_LDFLAGS = "-lusb-1.0";
				PRODUCT_NAME = "$(TARGET_NAME)";
			};
			name = Debug;
		};
		F505927B1B5F651A0076BB03 /* Release */ = {
			isa = XCBuildConfiguration;
			buildSettings = {
				HEADER_SEARCH_PATHS = /usr/local/include;
				LIBRARY_SEARCH_PATHS = /usr/local/lib;
				OTHER_LDFLAGS = "-lusb-1.0";
				PRODUCT_NAME = "$(TARGET_NAME)";
			};
			name = Release;
		};
/* End XCBuildConfiguration section */

/* Begin XCConfigurationList section */
		F505926D1B5F651A0076BB03 /* Build configuration list for PBXProject "havoc" */ = {
			isa = XCConfigurationList;
			buildConfigurations = (
				F50592771B5F651A0076BB03 /* Debug */,
				F50592781B5F651A0076BB03 /* Release */,
			);
			defaultConfigurationIsVisible = 0;
			defaultConfigurationName = Release;
		};
		F50592791B5F651A0076BB03 /* Build configuration list for PBXNativeTarget "havoc" */ = {
			isa = XCConfigurationList;
			buildConfigurations = (
				F505927A1B5F651A0076BB03 /* Debug */,
				F505927B1B5F651A0076BB03 /* Release */,
			);
			defaultConfigurationIsVisible = 0;
		};
/* End XCConfigurationList section */
	};
	rootObject = F505926A1B5F651A0076BB03 /* Project object */;
}
